
Microsoft Visual Studio Solution File, Format Version 12.00
# Visual Studio 15
VisualStudioVersion = 15.0.26124.0
MinimumVisualStudioVersion = 15.0.26124.0
Project("{FAE04EC0-301F-11D3-BF4B-00C04F79EFBC}") = "Projeto_Aplicacao", "Projeto_Aplicacao\Projeto_Aplicacao.csproj", "{EA2E6F75-431E-494C-B3BC-4A31449EE10F}"
EndProject
Project("{FAE04EC0-301F-11D3-BF4B-00C04F79EFBC}") = "Projeto_Apresentacao", "Projeto_Apresentacao\Projeto_Apresentacao.csproj", "{16FE98E8-51F6-4B68-A669-A5F20EC33A1B}"
EndProject
Project("{FAE04EC0-301F-11D3-BF4B-00C04F79EFBC}") = "Projeto_Dominio", "Projeto_Dominio\Projeto_Dominio.csproj", "{F4AFA9AC-53D6-4145-985C-AB1C4ABCD6E5}"
EndProject
Project("{FAE04EC0-301F-11D3-BF4B-00C04F79EFBC}") = "Projeto_Infraestrutura", "Projeto_Infraestrutura\Projeto_Infraestrutura.csproj", "{846E83BE-ABF6-4394-B8AC-7717BF03D61A}"
EndProject
Global
	GlobalSection(SolutionConfigurationPlatforms) = preSolution
		Debug|Any CPU = Debug|Any CPU
		Debug|x64 = Debug|x64
		Debug|x86 = Debug|x86
		Release|Any CPU = Release|Any CPU
		Release|x64 = Release|x64
		Release|x86 = Release|x86
	EndGlobalSection
	GlobalSection(SolutionProperties) = preSolution
		HideSolutionNode = FALSE
	EndGlobalSection
	GlobalSection(ProjectConfigurationPlatforms) = postSolution
		{EA2E6F75-431E-494C-B3BC-4A31449EE10F}.Debug|Any CPU.ActiveCfg = Debug|Any CPU
		{EA2E6F75-431E-494C-B3BC-4A31449EE10F}.Debug|Any CPU.Build.0 = Debug|Any CPU
		{EA2E6F75-431E-494C-B3BC-4A31449EE10F}.Debug|x64.ActiveCfg = Debug|Any CPU
		{EA2E6F75-431E-494C-B3BC-4A31449EE10F}.Debug|x64.Build.0 = Debug|Any CPU
		{EA2E6F75-431E-494C-B3BC-4A31449EE10F}.Debug|x86.ActiveCfg = Debug|Any CPU
		{EA2E6F75-431E-494C-B3BC-4A31449EE10F}.Debug|x86.Build.0 = Debug|Any CPU
		{EA2E6F75-431E-494C-B3BC-4A31449EE10F}.Release|Any CPU.ActiveCfg = Release|Any CPU
		{EA2E6F75-431E-494C-B3BC-4A31449EE10F}.Release|Any CPU.Build.0 = Release|Any CPU
		{EA2E6F75-431E-494C-B3BC-4A31449EE10F}.Release|x64.ActiveCfg = Release|Any CPU
		{EA2E6F75-431E-494C-B3BC-4A31449EE10F}.Release|x64.Build.0 = Release|Any CPU
		{EA2E6F75-431E-494C-B3BC-4A31449EE10F}.Release|x86.ActiveCfg = Release|Any CPU
		{EA2E6F75-431E-494C-B3BC-4A31449EE10F}.Release|x86.Build.0 = Release|Any CPU
		{16FE98E8-51F6-4B68-A669-A5F20EC33A1B}.Debug|Any CPU.ActiveCfg = Debug|Any CPU
		{16FE98E8-51F6-4B68-A669-A5F20EC33A1B}.Debug|Any CPU.Build.0 = Debug|Any CPU
		{16FE98E8-51F6-4B68-A669-A5F20EC33A1B}.Debug|x64.ActiveCfg = Debug|Any CPU
		{16FE98E8-51F6-4B68-A669-A5F20EC33A1B}.Debug|x64.Build.0 = Debug|Any CPU
		{16FE98E8-51F6-4B68-A669-A5F20EC33A1B}.Debug|x86.ActiveCfg = Debug|Any CPU
		{16FE98E8-51F6-4B68-A669-A5F20EC33A1B}.Debug|x86.Build.0 = Debug|Any CPU
		{16FE98E8-51F6-4B68-A669-A5F20EC33A1B}.Release|Any CPU.ActiveCfg = Release|Any CPU
		{16FE98E8-51F6-4B68-A669-A5F20EC33A1B}.Release|Any CPU.Build.0 = Release|Any CPU
		{16FE98E8-51F6-4B68-A669-A5F20EC33A1B}.Release|x64.ActiveCfg = Release|Any CPU
		{16FE98E8-51F6-4B68-A669-A5F20EC33A1B}.Release|x64.Build.0 = Release|Any CPU
		{16FE98E8-51F6-4B68-A669-A5F20EC33A1B}.Release|x86.ActiveCfg = Release|Any CPU
		{16FE98E8-51F6-4B68-A669-A5F20EC33A1B}.Release|x86.Build.0 = Release|Any CPU
		{F4AFA9AC-53D6-4145-985C-AB1C4ABCD6E5}.Debug|Any CPU.ActiveCfg = Debug|Any CPU
		{F4AFA9AC-53D6-4145-985C-AB1C4ABCD6E5}.Debug|Any CPU.Build.0 = Debug|Any CPU
		{F4AFA9AC-53D6-4145-985C-AB1C4ABCD6E5}.Debug|x64.ActiveCfg = Debug|Any CPU
		{F4AFA9AC-53D6-4145-985C-AB1C4ABCD6E5}.Debug|x64.Build.0 = Debug|Any CPU
		{F4AFA9AC-53D6-4145-985C-AB1C4ABCD6E5}.Debug|x86.ActiveCfg = Debug|Any CPU
		{F4AFA9AC-53D6-4145-985C-AB1C4ABCD6E5}.Debug|x86.Build.0 = Debug|Any CPU
		{F4AFA9AC-53D6-4145-985C-AB1C4ABCD6E5}.Release|Any CPU.ActiveCfg = Release|Any CPU
		{F4AFA9AC-53D6-4145-985C-AB1C4ABCD6E5}.Release|Any CPU.Build.0 = Release|Any CPU
		{F4AFA9AC-53D6-4145-985C-AB1C4ABCD6E5}.Release|x64.ActiveCfg = Release|Any CPU
		{F4AFA9AC-53D6-4145-985C-AB1C4ABCD6E5}.Release|x64.Build.0 = Release|Any CPU
		{F4AFA9AC-53D6-4145-985C-AB1C4ABCD6E5}.Release|x86.ActiveCfg = Release|Any CPU
		{F4AFA9AC-53D6-4145-985C-AB1C4ABCD6E5}.Release|x86.Build.0 = Release|Any CPU
		{846E83BE-ABF6-4394-B8AC-7717BF03D61A}.Debug|Any CPU.ActiveCfg = Debug|Any CPU
		{846E83BE-ABF6-4394-B8AC-7717BF03D61A}.Debug|Any CPU.Build.0 = Debug|Any CPU
		{846E83BE-ABF6-4394-B8AC-7717BF03D61A}.Debug|x64.ActiveCfg = Debug|Any CPU
		{846E83BE-ABF6-4394-B8AC-7717BF03D61A}.Debug|x64.Build.0 = Debug|Any CPU
		{846E83BE-ABF6-4394-B8AC-7717BF03D61A}.Debug|x86.ActiveCfg = Debug|Any CPU
		{846E83BE-ABF6-4394-B8AC-7717BF03D61A}.Debug|x86.Build.0 = Debug|Any CPU
		{846E83BE-ABF6-4394-B8AC-7717BF03D61A}.Release|Any CPU.ActiveCfg = Release|Any CPU
		{846E83BE-ABF6-4394-B8AC-7717BF03D61A}.Release|Any CPU.Build.0 = Release|Any CPU
		{846E83BE-ABF6-4394-B8AC-7717BF03D61A}.Release|x64.ActiveCfg = Release|Any CPU
		{846E83BE-ABF6-4394-B8AC-7717BF03D61A}.Release|x64.Build.0 = Release|Any CPU
		{846E83BE-ABF6-4394-B8AC-7717BF03D61A}.Release|x86.ActiveCfg = Release|Any CPU
		{846E83BE-ABF6-4394-B8AC-7717BF03D61A}.Release|x86.Build.0 = Release|Any CPU
	EndGlobalSection
EndGlobal
